
Microsoft Visual Studio Solution File, Format Version 12.00
# Visual Studio 15
VisualStudioVersion = 15.0.26403.7
MinimumVisualStudioVersion = 10.0.40219.1
Project("{FAE04EC0-301F-11D3-BF4B-00C04F79EFBC}") = "CSharpTraining.Lesson01", "CSharpTraining.Lesson01\CSharpTraining.Lesson01.csproj", "{244E3565-A53A-4F33-9F1E-79BCFA2F9AFD}"
EndProject
Project("{FAE04EC0-301F-11D3-BF4B-00C04F79EFBC}") = "CSharpTraining.Lesson01.Exercise", "CSharpTraining.Lesson01.Exercise\CSharpTraining.Lesson01.Exercise.csproj", "{FCC61A12-7FD0-408D-825D-32D80E638D35}"
EndProject
Project("{FAE04EC0-301F-11D3-BF4B-00C04F79EFBC}") = "CSharpTraining.Lesson02", "CSharpTraining.Lesson02\CSharpTraining.Lesson02.csproj", "{5236AF33-9C6E-4687-B685-FE4E19D06A0C}"
EndProject
Project("{FAE04EC0-301F-11D3-BF4B-00C04F79EFBC}") = "CSharpTraining.Lesson02.Exercise", "CSharpTraining.Lesson02.Exercise\CSharpTraining.Lesson02.Exercise.csproj", "{798C810A-5AC4-4A7C-A714-D55B0E62BD9C}"
EndProject
Project("{FAE04EC0-301F-11D3-BF4B-00C04F79EFBC}") = "CSharpTraining.Lesson03", "CSharpTraining.Lesson03\CSharpTraining.Lesson03.csproj", "{9BD33383-5644-4D9C-8E30-3482A7953F5D}"
EndProject
Project("{FAE04EC0-301F-11D3-BF4B-00C04F79EFBC}") = "CSharpTraining.Lesson04", "CSharpTraining.Lesson04\CSharpTraining.Lesson04.csproj", "{6964FD0F-3555-4719-96BF-1B76D5B8E928}"
EndProject
Project("{FAE04EC0-301F-11D3-BF4B-00C04F79EFBC}") = "CSharpTraining.Lesson05", "CSharpTraining.Lesson05\CSharpTraining.Lesson05.csproj", "{F6B69513-C99C-48AD-BCE4-F7D32D4B584C}"
EndProject
Project("{FAE04EC0-301F-11D3-BF4B-00C04F79EFBC}") = "CSharpTraining.Lesson06", "CSharpTraining.Lesson06\CSharpTraining.Lesson06.csproj", "{E7925AC0-CFA8-45DE-9D30-401DB434D58F}"
EndProject
Project("{FAE04EC0-301F-11D3-BF4B-00C04F79EFBC}") = "CSharpTraining.Lesson07", "CSharpTraining.Lesson07\CSharpTraining.Lesson07.csproj", "{8C659AC9-ED70-4616-9EFB-617F9E47FF2B}"
EndProject
Project("{FAE04EC0-301F-11D3-BF4B-00C04F79EFBC}") = "CSharpTraining.Lesson08", "CSharpTraining.Lesson08\CSharpTraining.Lesson08.csproj", "{5736614E-3238-4558-8B2C-763A818CDFAA}"
EndProject
Global
	GlobalSection(SolutionConfigurationPlatforms) = preSolution
		Debug|Any CPU = Debug|Any CPU
		Release|Any CPU = Release|Any CPU
	EndGlobalSection
	GlobalSection(ProjectConfigurationPlatforms) = postSolution
		{244E3565-A53A-4F33-9F1E-79BCFA2F9AFD}.Debug|Any CPU.ActiveCfg = Debug|Any CPU
		{244E3565-A53A-4F33-9F1E-79BCFA2F9AFD}.Debug|Any CPU.Build.0 = Debug|Any CPU
		{244E3565-A53A-4F33-9F1E-79BCFA2F9AFD}.Release|Any CPU.ActiveCfg = Release|Any CPU
		{244E3565-A53A-4F33-9F1E-79BCFA2F9AFD}.Release|Any CPU.Build.0 = Release|Any CPU
		{FCC61A12-7FD0-408D-825D-32D80E638D35}.Debug|Any CPU.ActiveCfg = Debug|Any CPU
		{FCC61A12-7FD0-408D-825D-32D80E638D35}.Debug|Any CPU.Build.0 = Debug|Any CPU
		{FCC61A12-7FD0-408D-825D-32D80E638D35}.Release|Any CPU.ActiveCfg = Release|Any CPU
		{FCC61A12-7FD0-408D-825D-32D80E638D35}.Release|Any CPU.Build.0 = Release|Any CPU
		{5236AF33-9C6E-4687-B685-FE4E19D06A0C}.Debug|Any CPU.ActiveCfg = Debug|Any CPU
		{5236AF33-9C6E-4687-B685-FE4E19D06A0C}.Debug|Any CPU.Build.0 = Debug|Any CPU
		{5236AF33-9C6E-4687-B685-FE4E19D06A0C}.Release|Any CPU.ActiveCfg = Release|Any CPU
		{5236AF33-9C6E-4687-B685-FE4E19D06A0C}.Release|Any CPU.Build.0 = Release|Any CPU
		{798C810A-5AC4-4A7C-A714-D55B0E62BD9C}.Debug|Any CPU.ActiveCfg = Debug|Any CPU
		{798C810A-5AC4-4A7C-A714-D55B0E62BD9C}.Debug|Any CPU.Build.0 = Debug|Any CPU
		{798C810A-5AC4-4A7C-A714-D55B0E62BD9C}.Release|Any CPU.ActiveCfg = Release|Any CPU
		{798C810A-5AC4-4A7C-A714-D55B0E62BD9C}.Release|Any CPU.Build.0 = Release|Any CPU
		{9BD33383-5644-4D9C-8E30-3482A7953F5D}.Debug|Any CPU.ActiveCfg = Debug|Any CPU
		{9BD33383-5644-4D9C-8E30-3482A7953F5D}.Debug|Any CPU.Build.0 = Debug|Any CPU
		{9BD33383-5644-4D9C-8E30-3482A7953F5D}.Release|Any CPU.ActiveCfg = Release|Any CPU
		{9BD33383-5644-4D9C-8E30-3482A7953F5D}.Release|Any CPU.Build.0 = Release|Any CPU
		{6964FD0F-3555-4719-96BF-1B76D5B8E928}.Debug|Any CPU.ActiveCfg = Debug|Any CPU
		{6964FD0F-3555-4719-96BF-1B76D5B8E928}.Debug|Any CPU.Build.0 = Debug|Any CPU
		{6964FD0F-3555-4719-96BF-1B76D5B8E928}.Release|Any CPU.ActiveCfg = Release|Any CPU
		{6964FD0F-3555-4719-96BF-1B76D5B8E928}.Release|Any CPU.Build.0 = Release|Any CPU
		{F6B69513-C99C-48AD-BCE4-F7D32D4B584C}.Debug|Any CPU.ActiveCfg = Debug|Any CPU
		{F6B69513-C99C-48AD-BCE4-F7D32D4B584C}.Debug|Any CPU.Build.0 = Debug|Any CPU
		{F6B69513-C99C-48AD-BCE4-F7D32D4B584C}.Release|Any CPU.ActiveCfg = Release|Any CPU
		{F6B69513-C99C-48AD-BCE4-F7D32D4B584C}.Release|Any CPU.Build.0 = Release|Any CPU
		{E7925AC0-CFA8-45DE-9D30-401DB434D58F}.Debug|Any CPU.ActiveCfg = Debug|Any CPU
		{E7925AC0-CFA8-45DE-9D30-401DB434D58F}.Debug|Any CPU.Build.0 = Debug|Any CPU
		{E7925AC0-CFA8-45DE-9D30-401DB434D58F}.Release|Any CPU.ActiveCfg = Release|Any CPU
		{E7925AC0-CFA8-45DE-9D30-401DB434D58F}.Release|Any CPU.Build.0 = Release|Any CPU
		{8C659AC9-ED70-4616-9EFB-617F9E47FF2B}.Debug|Any CPU.ActiveCfg = Debug|Any CPU
		{8C659AC9-ED70-4616-9EFB-617F9E47FF2B}.Debug|Any CPU.Build.0 = Debug|Any CPU
		{8C659AC9-ED70-4616-9EFB-617F9E47FF2B}.Release|Any CPU.ActiveCfg = Release|Any CPU
		{8C659AC9-ED70-4616-9EFB-617F9E47FF2B}.Release|Any CPU.Build.0 = Release|Any CPU
		{5736614E-3238-4558-8B2C-763A818CDFAA}.Debug|Any CPU.ActiveCfg = Debug|Any CPU
		{5736614E-3238-4558-8B2C-763A818CDFAA}.Debug|Any CPU.Build.0 = Debug|Any CPU
		{5736614E-3238-4558-8B2C-763A818CDFAA}.Release|Any CPU.ActiveCfg = Release|Any CPU
		{5736614E-3238-4558-8B2C-763A818CDFAA}.Release|Any CPU.Build.0 = Release|Any CPU
	EndGlobalSection
	GlobalSection(SolutionProperties) = preSolution
		HideSolutionNode = FALSE
	EndGlobalSection
EndGlobal
